
Microsoft Visual Studio Solution File, Format Version 12.00
# Visual Studio Version 16
VisualStudioVersion = 16.0.30309.148
MinimumVisualStudioVersion = 10.0.40219.1
Project("{9092AA53-FB77-4645-B42D-1CCCA6BD08BD}") = "FindMyHatFull", "FindMyHatFull.njsproj", "{779D0C41-2C79-4784-84BB-9EE1AE8C51A9}"
EndProject
Global
	GlobalSection(SolutionConfigurationPlatforms) = preSolution
		Debug|Any CPU = Debug|Any CPU
		Release|Any CPU = Release|Any CPU
	EndGlobalSection
	GlobalSection(ProjectConfigurationPlatforms) = postSolution
		{779D0C41-2C79-4784-84BB-9EE1AE8C51A9}.Debug|Any CPU.ActiveCfg = Debug|Any CPU
		{779D0C41-2C79-4784-84BB-9EE1AE8C51A9}.Debug|Any CPU.Build.0 = Debug|Any CPU
		{779D0C41-2C79-4784-84BB-9EE1AE8C51A9}.Release|Any CPU.ActiveCfg = Release|Any CPU
		{779D0C41-2C79-4784-84BB-9EE1AE8C51A9}.Release|Any CPU.Build.0 = Release|Any CPU
	EndGlobalSection
	GlobalSection(SolutionProperties) = preSolution
		HideSolutionNode = FALSE
	EndGlobalSection
	GlobalSection(ExtensibilityGlobals) = postSolution
		SolutionGuid = {BC2807BB-C9E9-4CF9-980E-78E6A14E7451}
	EndGlobalSection
EndGlobal
